// !$*UTF8*$!
{
	archiveVersion = 1;
	classes = {
	};
	objectVersion = 46;
	objects = {

/* Begin PBXBuildFile section */
		5DFA48C916B7749000AF85DF /* UIKit.framework in Frameworks */ = {isa = PBXBuildFile; fileRef = 5DFA48C816B7749000AF85DF /* UIKit.framework */; };
		5DFA48CB16B7749000AF85DF /* Foundation.framework in Frameworks */ = {isa = PBXBuildFile; fileRef = 5DFA48CA16B7749000AF85DF /* Foundation.framework */; };
		5DFA48CD16B7749000AF85DF /* CoreGraphics.framework in Frameworks */ = {isa = PBXBuildFile; fileRef = 5DFA48CC16B7749000AF85DF /* CoreGraphics.framework */; };
		5DFA48D316B7749000AF85DF /* InfoPlist.strings in Resources */ = {isa = PBXBuildFile; fileRef = 5DFA48D116B7749000AF85DF /* InfoPlist.strings */; };
		5DFA48D516B7749000AF85DF /* main.m in Sources */ = {isa = PBXBuildFile; fileRef = 5DFA48D416B7749000AF85DF /* main.m */; };
		5DFA48D916B7749000AF85DF /* MatchAppDelegate.m in Sources */ = {isa = PBXBuildFile; fileRef = 5DFA48D816B7749000AF85DF /* MatchAppDelegate.m */; };
		5DFA48DB16B7749000AF85DF /* Default.png in Resources */ = {isa = PBXBuildFile; fileRef = 5DFA48DA16B7749000AF85DF /* Default.png */; };
		5DFA48DD16B7749000AF85DF /* Default@2x.png in Resources */ = {isa = PBXBuildFile; fileRef = 5DFA48DC16B7749000AF85DF /* Default@2x.png */; };
		5DFA48DF16B7749000AF85DF /* Default-568h@2x.png in Resources */ = {isa = PBXBuildFile; fileRef = 5DFA48DE16B7749000AF85DF /* Default-568h@2x.png */; };
		5DFA48E216B7749000AF85DF /* MainStoryboard.storyboard in Resources */ = {isa = PBXBuildFile; fileRef = 5DFA48E016B7749000AF85DF /* MainStoryboard.storyboard */; };
		5DFA48E516B7749000AF85DF /* MatchViewController.m in Sources */ = {isa = PBXBuildFile; fileRef = 5DFA48E416B7749000AF85DF /* MatchViewController.m */; };
/* End PBXBuildFile section */

/* Begin PBXFileReference section */
		5DFA48C416B7749000AF85DF /* Matchismo.app */ = {isa = PBXFileReference; explicitFileType = wrapper.application; includeInIndex = 0; path = Matchismo.app; sourceTree = BUILT_PRODUCTS_DIR; };
		5DFA48C816B7749000AF85DF /* UIKit.framework */ = {isa = PBXFileReference; lastKnownFileType = wrapper.framework; name = UIKit.framework; path = System/Library/Frameworks/UIKit.framework; sourceTree = SDKROOT; };
		5DFA48CA16B7749000AF85DF /* Foundation.framework */ = {isa = PBXFileReference; lastKnownFileType = wrapper.framework; name = Foundation.framework; path = System/Library/Frameworks/Foundation.framework; sourceTree = SDKROOT; };
		5DFA48CC16B7749000AF85DF /* CoreGraphics.framework */ = {isa = PBXFileReference; lastKnownFileType = wrapper.framework; name = CoreGraphics.framework; path = System/Library/Frameworks/CoreGraphics.framework; sourceTree = SDKROOT; };
		5DFA48D016B7749000AF85DF /* Matchismo-Info.plist */ = {isa = PBXFileReference; lastKnownFileType = text.plist.xml; path = "Matchismo-Info.plist"; sourceTree = "<group>"; };
		5DFA48D216B7749000AF85DF /* en */ = {isa = PBXFileReference; lastKnownFileType = text.plist.strings; name = en; path = en.lproj/InfoPlist.strings; sourceTree = "<group>"; };
		5DFA48D416B7749000AF85DF /* main.m */ = {isa = PBXFileReference; lastKnownFileType = sourcecode.c.objc; path = main.m; sourceTree = "<group>"; };
		5DFA48D616B7749000AF85DF /* Matchismo-Prefix.pch */ = {isa = PBXFileReference; lastKnownFileType = sourcecode.c.h; path = "Matchismo-Prefix.pch"; sourceTree = "<group>"; };
		5DFA48D716B7749000AF85DF /* MatchAppDelegate.h */ = {isa = PBXFileReference; lastKnownFileType = sourcecode.c.h; path = MatchAppDelegate.h; sourceTree = "<group>"; };
		5DFA48D816B7749000AF85DF /* MatchAppDelegate.m */ = {isa = PBXFileReference; lastKnownFileType = sourcecode.c.objc; path = MatchAppDelegate.m; sourceTree = "<group>"; };
		5DFA48DA16B7749000AF85DF /* Default.png */ = {isa = PBXFileReference; lastKnownFileType = image.png; path = Default.png; sourceTree = "<group>"; };
		5DFA48DC16B7749000AF85DF /* Default@2x.png */ = {isa = PBXFileReference; lastKnownFileType = image.png; path = "Default@2x.png"; sourceTree = "<group>"; };
		5DFA48DE16B7749000AF85DF /* Default-568h@2x.png */ = {isa = PBXFileReference; lastKnownFileType = image.png; path = "Default-568h@2x.png"; sourceTree = "<group>"; };
		5DFA48E116B7749000AF85DF /* en */ = {isa = PBXFileReference; lastKnownFileType = file.storyboard; name = en; path = en.lproj/MainStoryboard.storyboard; sourceTree = "<group>"; };
		5DFA48E316B7749000AF85DF /* MatchViewController.h */ = {isa = PBXFileReference; lastKnownFileType = sourcecode.c.h; path = MatchViewController.h; sourceTree = "<group>"; };
		5DFA48E416B7749000AF85DF /* MatchViewController.m */ = {isa = PBXFileReference; lastKnownFileType = sourcecode.c.objc; path = MatchViewController.m; sourceTree = "<group>"; };
/* End PBXFileReference section */

/* Begin PBXFrameworksBuildPhase section */
		5DFA48C116B7749000AF85DF /* Frameworks */ = {
			isa = PBXFrameworksBuildPhase;
			buildActionMask = 2147483647;
			files = (
				5DFA48C916B7749000AF85DF /* UIKit.framework in Frameworks */,
				5DFA48CB16B7749000AF85DF /* Foundation.framework in Frameworks */,
				5DFA48CD16B7749000AF85DF /* CoreGraphics.framework in Frameworks */,
			);
			runOnlyForDeploymentPostprocessing = 0;
		};
/* End PBXFrameworksBuildPhase section */

/* Begin PBXGroup section */
		5DFA48B916B7749000AF85DF = {
			isa = PBXGroup;
			children = (
				5DFA48CE16B7749000AF85DF /* Matchismo */,
				5DFA48C716B7749000AF85DF /* Frameworks */,
				5DFA48C516B7749000AF85DF /* Products */,
			);
			sourceTree = "<group>";
		};
		5DFA48C516B7749000AF85DF /* Products */ = {
			isa = PBXGroup;
			children = (
				5DFA48C416B7749000AF85DF /* Matchismo.app */,
			);
			name = Products;
			sourceTree = "<group>";
		};
		5DFA48C716B7749000AF85DF /* Frameworks */ = {
			isa = PBXGroup;
			children = (
				5DFA48C816B7749000AF85DF /* UIKit.framework */,
				5DFA48CA16B7749000AF85DF /* Foundation.framework */,
				5DFA48CC16B7749000AF85DF /* CoreGraphics.framework */,
			);
			name = Frameworks;
			sourceTree = "<group>";
		};
		5DFA48CE16B7749000AF85DF /* Matchismo */ = {
			isa = PBXGroup;
			children = (
				5DFA48D716B7749000AF85DF /* MatchAppDelegate.h */,
				5DFA48D816B7749000AF85DF /* MatchAppDelegate.m */,
				5DFA48E016B7749000AF85DF /* MainStoryboard.storyboard */,
				5DFA48E316B7749000AF85DF /* MatchViewController.h */,
				5DFA48E416B7749000AF85DF /* MatchViewController.m */,
				5DFA48CF16B7749000AF85DF /* Supporting Files */,
			);
			path = Matchismo;
			sourceTree = "<group>";
		};
		5DFA48CF16B7749000AF85DF /* Supporting Files */ = {
			isa = PBXGroup;
			children = (
				5DFA48D016B7749000AF85DF /* Matchismo-Info.plist */,
				5DFA48D116B7749000AF85DF /* InfoPlist.strings */,
				5DFA48D416B7749000AF85DF /* main.m */,
				5DFA48D616B7749000AF85DF /* Matchismo-Prefix.pch */,
				5DFA48DA16B7749000AF85DF /* Default.png */,
				5DFA48DC16B7749000AF85DF /* Default@2x.png */,
				5DFA48DE16B7749000AF85DF /* Default-568h@2x.png */,
			);
			name = "Supporting Files";
			sourceTree = "<group>";
		};
/* End PBXGroup section */

/* Begin PBXNativeTarget section */
		5DFA48C316B7749000AF85DF /* Matchismo */ = {
			isa = PBXNativeTarget;
			buildConfigurationList = 5DFA48E816B7749000AF85DF /* Build configuration list for PBXNativeTarget "Matchismo" */;
			buildPhases = (
				5DFA48C016B7749000AF85DF /* Sources */,
				5DFA48C116B7749000AF85DF /* Frameworks */,
				5DFA48C216B7749000AF85DF /* Resources */,
			);
			buildRules = (
			);
			dependencies = (
			);
			name = Matchismo;
			productName = Matchismo;
			productReference = 5DFA48C416B7749000AF85DF /* Matchismo.app */;
			productType = "com.apple.product-type.application";
		};
/* End PBXNativeTarget section */

/* Begin PBXProject section */
		5DFA48BB16B7749000AF85DF /* Project object */ = {
			isa = PBXProject;
			attributes = {
				CLASSPREFIX = Match;
				LastUpgradeCheck = 0450;
				ORGANIZATIONNAME = "Joel Derfner";
			};
			buildConfigurationList = 5DFA48BE16B7749000AF85DF /* Build configuration list for PBXProject "Matchismo" */;
			compatibilityVersion = "Xcode 3.2";
			developmentRegion = English;
			hasScannedForEncodings = 0;
			knownRegions = (
				en,
			);
			mainGroup = 5DFA48B916B7749000AF85DF;
			productRefGroup = 5DFA48C516B7749000AF85DF /* Products */;
			projectDirPath = "";
			projectRoot = "";
			targets = (
				5DFA48C316B7749000AF85DF /* Matchismo */,
			);
		};
/* End PBXProject section */

/* Begin PBXResourcesBuildPhase section */
		5DFA48C216B7749000AF85DF /* Resources */ = {
			isa = PBXResourcesBuildPhase;
			buildActionMask = 2147483647;
			files = (
				5DFA48D316B7749000AF85DF /* InfoPlist.strings in Resources */,
				5DFA48DB16B7749000AF85DF /* Default.png in Resources */,
				5DFA48DD16B7749000AF85DF /* Default@2x.png in Resources */,
				5DFA48DF16B7749000AF85DF /* Default-568h@2x.png in Resources */,
				5DFA48E216B7749000AF85DF /* MainStoryboard.storyboard in Resources */,
			);
			runOnlyForDeploymentPostprocessing = 0;
		};
/* End PBXResourcesBuildPhase section */

/* Begin PBXSourcesBuildPhase section */
		5DFA48C016B7749000AF85DF /* Sources */ = {
			isa = PBXSourcesBuildPhase;
			buildActionMask = 2147483647;
			files = (
				5DFA48D516B7749000AF85DF /* main.m in Sources */,
				5DFA48D916B7749000AF85DF /* MatchAppDelegate.m in Sources */,
				5DFA48E516B7749000AF85DF /* MatchViewController.m in Sources */,
			);
			runOnlyForDeploymentPostprocessing = 0;
		};
/* End PBXSourcesBuildPhase section */

/* Begin PBXVariantGroup section */
		5DFA48D116B7749000AF85DF /* InfoPlist.strings */ = {
			isa = PBXVariantGroup;
			children = (
				5DFA48D216B7749000AF85DF /* en */,
			);
			name = InfoPlist.strings;
			sourceTree = "<group>";
		};
		5DFA48E016B7749000AF85DF /* MainStoryboard.storyboard */ = {
			isa = PBXVariantGroup;
			children = (
				5DFA48E116B7749000AF85DF /* en */,
			);
			name = MainStoryboard.storyboard;
			sourceTree = "<group>";
		};
/* End PBXVariantGroup section */

/* Begin XCBuildConfiguration section */
		5DFA48E616B7749000AF85DF /* Debug */ = {
			isa = XCBuildConfiguration;
			buildSettings = {
				ALWAYS_SEARCH_USER_PATHS = NO;
				CLANG_CXX_LANGUAGE_STANDARD = "gnu++0x";
				CLANG_CXX_LIBRARY = "libc++";
				CLANG_ENABLE_OBJC_ARC = YES;
				CLANG_WARN_EMPTY_BODY = YES;
				CLANG_WARN__DUPLICATE_METHOD_MATCH = YES;
				"CODE_SIGN_IDENTITY[sdk=iphoneos*]" = "iPhone Developer";
				COPY_PHASE_STRIP = NO;
				GCC_C_LANGUAGE_STANDARD = gnu99;
				GCC_DYNAMIC_NO_PIC = NO;
				GCC_OPTIMIZATION_LEVEL = 0;
				GCC_PREPROCESSOR_DEFINITIONS = (
					"DEBUG=1",
					"$(inherited)",
				);
				GCC_SYMBOLS_PRIVATE_EXTERN = NO;
				GCC_WARN_ABOUT_RETURN_TYPE = YES;
				GCC_WARN_UNINITIALIZED_AUTOS = YES;
				GCC_WARN_UNUSED_VARIABLE = YES;
				IPHONEOS_DEPLOYMENT_TARGET = 6.0;
				ONLY_ACTIVE_ARCH = YES;
				SDKROOT = iphoneos;
			};
			name = Debug;
		};
		5DFA48E716B7749000AF85DF /* Release */ = {
			isa = XCBuildConfiguration;
			buildSettings = {
				ALWAYS_SEARCH_USER_PATHS = NO;
				CLANG_CXX_LANGUAGE_STANDARD = "gnu++0x";
				CLANG_CXX_LIBRARY = "libc++";
				CLANG_ENABLE_OBJC_ARC = YES;
				CLANG_WARN_EMPTY_BODY = YES;
				CLANG_WARN__DUPLICATE_METHOD_MATCH = YES;
				"CODE_SIGN_IDENTITY[sdk=iphoneos*]" = "iPhone Developer";
				COPY_PHASE_STRIP = YES;
				GCC_C_LANGUAGE_STANDARD = gnu99;
				GCC_WARN_ABOUT_RETURN_TYPE = YES;
				GCC_WARN_UNINITIALIZED_AUTOS = YES;
				GCC_WARN_UNUSED_VARIABLE = YES;
				IPHONEOS_DEPLOYMENT_TARGET = 6.0;
				OTHER_CFLAGS = "-DNS_BLOCK_ASSERTIONS=1";
				SDKROOT = iphoneos;
				VALIDATE_PRODUCT = YES;
			};
			name = Release;
		};
		5DFA48E916B7749000AF85DF /* Debug */ = {
			isa = XCBuildConfiguration;
			buildSettings = {
				GCC_PRECOMPILE_PREFIX_HEADER = YES;
				GCC_PREFIX_HEADER = "Matchismo/Matchismo-Prefix.pch";
				INFOPLIST_FILE = "Matchismo/Matchismo-Info.plist";
				PRODUCT_NAME = "$(TARGET_NAME)";
				WRAPPER_EXTENSION = app;
			};
			name = Debug;
		};
		5DFA48EA16B7749000AF85DF /* Release */ = {
			isa = XCBuildConfiguration;
			buildSettings = {
				GCC_PRECOMPILE_PREFIX_HEADER = YES;
				GCC_PREFIX_HEADER = "Matchismo/Matchismo-Prefix.pch";
				INFOPLIST_FILE = "Matchismo/Matchismo-Info.plist";
				PRODUCT_NAME = "$(TARGET_NAME)";
				WRAPPER_EXTENSION = app;
			};
			name = Release;
		};
/* End XCBuildConfiguration section */

/* Begin XCConfigurationList section */
		5DFA48BE16B7749000AF85DF /* Build configuration list for PBXProject "Matchismo" */ = {
			isa = XCConfigurationList;
			buildConfigurations = (
				5DFA48E616B7749000AF85DF /* Debug */,
				5DFA48E716B7749000AF85DF /* Release */,
			);
			defaultConfigurationIsVisible = 0;
			defaultConfigurationName = Release;
		};
		5DFA48E816B7749000AF85DF /* Build configuration list for PBXNativeTarget "Matchismo" */ = {
			isa = XCConfigurationList;
			buildConfigurations = (
				5DFA48E916B7749000AF85DF /* Debug */,
				5DFA48EA16B7749000AF85DF /* Release */,
			);
			defaultConfigurationIsVisible = 0;
		};
/* End XCConfigurationList section */
	};
	rootObject = 5DFA48BB16B7749000AF85DF /* Project object */;
}
